
Microsoft Visual Studio Solution File, Format Version 12.00
# Visual Studio Version 16
VisualStudioVersion = 16.0.29324.140
MinimumVisualStudioVersion = 10.0.40219.1
Project("{9A19103F-16F7-4668-BE54-9A1E7A4F7556}") = "CompilerCore", "CompilerCore\CompilerCore.csproj", "{26FBC0EC-B45B-4726-919C-80AA9D0BC1C2}"
EndProject
Project("{9A19103F-16F7-4668-BE54-9A1E7A4F7556}") = "nwjsCompilerCLI", "nwjsCompilerCLI\nwjsCompilerCLI.csproj", "{03BEBECA-CE98-4D21-842B-018E84976300}"
EndProject
Project("{9A19103F-16F7-4668-BE54-9A1E7A4F7556}") = "nwjsCookToolUI", "nwjsCookToolUI\nwjsCookToolUI.csproj", "{F975B06D-0C63-4D07-ADD6-752CF069A1D7}"
EndProject
Project("{C7167F0D-BC9F-4E6E-AFE1-012C56B48DB5}") = "RMMVCookTool.Package", "RMMVCookTool.Package\RMMVCookTool.Package.wapproj", "{DF3E155E-5FA1-4F6B-802B-7ABCF2E87A9E}"
EndProject
Global
	GlobalSection(SolutionConfigurationPlatforms) = preSolution
		Debug|Any CPU = Debug|Any CPU
		Debug|ARM = Debug|ARM
		Debug|ARM64 = Debug|ARM64
		Debug|x64 = Debug|x64
		Debug|x86 = Debug|x86
		Release|Any CPU = Release|Any CPU
		Release|ARM = Release|ARM
		Release|ARM64 = Release|ARM64
		Release|x64 = Release|x64
		Release|x86 = Release|x86
	EndGlobalSection
	GlobalSection(ProjectConfigurationPlatforms) = postSolution
		{26FBC0EC-B45B-4726-919C-80AA9D0BC1C2}.Debug|Any CPU.ActiveCfg = Debug|Any CPU
		{26FBC0EC-B45B-4726-919C-80AA9D0BC1C2}.Debug|Any CPU.Build.0 = Debug|Any CPU
		{26FBC0EC-B45B-4726-919C-80AA9D0BC1C2}.Debug|ARM.ActiveCfg = Debug|Any CPU
		{26FBC0EC-B45B-4726-919C-80AA9D0BC1C2}.Debug|ARM.Build.0 = Debug|Any CPU
		{26FBC0EC-B45B-4726-919C-80AA9D0BC1C2}.Debug|ARM64.ActiveCfg = Debug|Any CPU
		{26FBC0EC-B45B-4726-919C-80AA9D0BC1C2}.Debug|ARM64.Build.0 = Debug|Any CPU
		{26FBC0EC-B45B-4726-919C-80AA9D0BC1C2}.Debug|x64.ActiveCfg = Debug|x64
		{26FBC0EC-B45B-4726-919C-80AA9D0BC1C2}.Debug|x64.Build.0 = Debug|x64
		{26FBC0EC-B45B-4726-919C-80AA9D0BC1C2}.Debug|x86.ActiveCfg = Debug|x86
		{26FBC0EC-B45B-4726-919C-80AA9D0BC1C2}.Debug|x86.Build.0 = Debug|x86
		{26FBC0EC-B45B-4726-919C-80AA9D0BC1C2}.Release|Any CPU.ActiveCfg = Release|Any CPU
		{26FBC0EC-B45B-4726-919C-80AA9D0BC1C2}.Release|Any CPU.Build.0 = Release|Any CPU
		{26FBC0EC-B45B-4726-919C-80AA9D0BC1C2}.Release|ARM.ActiveCfg = Release|Any CPU
		{26FBC0EC-B45B-4726-919C-80AA9D0BC1C2}.Release|ARM.Build.0 = Release|Any CPU
		{26FBC0EC-B45B-4726-919C-80AA9D0BC1C2}.Release|ARM64.ActiveCfg = Release|Any CPU
		{26FBC0EC-B45B-4726-919C-80AA9D0BC1C2}.Release|ARM64.Build.0 = Release|Any CPU
		{26FBC0EC-B45B-4726-919C-80AA9D0BC1C2}.Release|x64.ActiveCfg = Release|x64
		{26FBC0EC-B45B-4726-919C-80AA9D0BC1C2}.Release|x64.Build.0 = Release|x64
		{26FBC0EC-B45B-4726-919C-80AA9D0BC1C2}.Release|x86.ActiveCfg = Release|x86
		{26FBC0EC-B45B-4726-919C-80AA9D0BC1C2}.Release|x86.Build.0 = Release|x86
		{03BEBECA-CE98-4D21-842B-018E84976300}.Debug|Any CPU.ActiveCfg = Debug|Any CPU
		{03BEBECA-CE98-4D21-842B-018E84976300}.Debug|Any CPU.Build.0 = Debug|Any CPU
		{03BEBECA-CE98-4D21-842B-018E84976300}.Debug|ARM.ActiveCfg = Debug|Any CPU
		{03BEBECA-CE98-4D21-842B-018E84976300}.Debug|ARM.Build.0 = Debug|Any CPU
		{03BEBECA-CE98-4D21-842B-018E84976300}.Debug|ARM64.ActiveCfg = Debug|Any CPU
		{03BEBECA-CE98-4D21-842B-018E84976300}.Debug|ARM64.Build.0 = Debug|Any CPU
		{03BEBECA-CE98-4D21-842B-018E84976300}.Debug|x64.ActiveCfg = Debug|x64
		{03BEBECA-CE98-4D21-842B-018E84976300}.Debug|x64.Build.0 = Debug|x64
		{03BEBECA-CE98-4D21-842B-018E84976300}.Debug|x86.ActiveCfg = Debug|x86
		{03BEBECA-CE98-4D21-842B-018E84976300}.Debug|x86.Build.0 = Debug|x86
		{03BEBECA-CE98-4D21-842B-018E84976300}.Release|Any CPU.ActiveCfg = Release|Any CPU
		{03BEBECA-CE98-4D21-842B-018E84976300}.Release|Any CPU.Build.0 = Release|Any CPU
		{03BEBECA-CE98-4D21-842B-018E84976300}.Release|ARM.ActiveCfg = Release|Any CPU
		{03BEBECA-CE98-4D21-842B-018E84976300}.Release|ARM.Build.0 = Release|Any CPU
		{03BEBECA-CE98-4D21-842B-018E84976300}.Release|ARM64.ActiveCfg = Release|Any CPU
		{03BEBECA-CE98-4D21-842B-018E84976300}.Release|ARM64.Build.0 = Release|Any CPU
		{03BEBECA-CE98-4D21-842B-018E84976300}.Release|x64.ActiveCfg = Release|x64
		{03BEBECA-CE98-4D21-842B-018E84976300}.Release|x64.Build.0 = Release|x64
		{03BEBECA-CE98-4D21-842B-018E84976300}.Release|x86.ActiveCfg = Release|x86
		{03BEBECA-CE98-4D21-842B-018E84976300}.Release|x86.Build.0 = Release|x86
		{F975B06D-0C63-4D07-ADD6-752CF069A1D7}.Debug|Any CPU.ActiveCfg = Debug|Any CPU
		{F975B06D-0C63-4D07-ADD6-752CF069A1D7}.Debug|Any CPU.Build.0 = Debug|Any CPU
		{F975B06D-0C63-4D07-ADD6-752CF069A1D7}.Debug|ARM.ActiveCfg = Debug|Any CPU
		{F975B06D-0C63-4D07-ADD6-752CF069A1D7}.Debug|ARM.Build.0 = Debug|Any CPU
		{F975B06D-0C63-4D07-ADD6-752CF069A1D7}.Debug|ARM64.ActiveCfg = Debug|Any CPU
		{F975B06D-0C63-4D07-ADD6-752CF069A1D7}.Debug|ARM64.Build.0 = Debug|Any CPU
		{F975B06D-0C63-4D07-ADD6-752CF069A1D7}.Debug|x64.ActiveCfg = Debug|x64
		{F975B06D-0C63-4D07-ADD6-752CF069A1D7}.Debug|x64.Build.0 = Debug|x64
		{F975B06D-0C63-4D07-ADD6-752CF069A1D7}.Debug|x86.ActiveCfg = Debug|x86
		{F975B06D-0C63-4D07-ADD6-752CF069A1D7}.Debug|x86.Build.0 = Debug|x86
		{F975B06D-0C63-4D07-ADD6-752CF069A1D7}.Release|Any CPU.ActiveCfg = Release|Any CPU
		{F975B06D-0C63-4D07-ADD6-752CF069A1D7}.Release|Any CPU.Build.0 = Release|Any CPU
		{F975B06D-0C63-4D07-ADD6-752CF069A1D7}.Release|ARM.ActiveCfg = Release|Any CPU
		{F975B06D-0C63-4D07-ADD6-752CF069A1D7}.Release|ARM.Build.0 = Release|Any CPU
		{F975B06D-0C63-4D07-ADD6-752CF069A1D7}.Release|ARM64.ActiveCfg = Release|Any CPU
		{F975B06D-0C63-4D07-ADD6-752CF069A1D7}.Release|ARM64.Build.0 = Release|Any CPU
		{F975B06D-0C63-4D07-ADD6-752CF069A1D7}.Release|x64.ActiveCfg = Release|x64
		{F975B06D-0C63-4D07-ADD6-752CF069A1D7}.Release|x64.Build.0 = Release|x64
		{F975B06D-0C63-4D07-ADD6-752CF069A1D7}.Release|x86.ActiveCfg = Release|x86
		{F975B06D-0C63-4D07-ADD6-752CF069A1D7}.Release|x86.Build.0 = Release|x86
		{DF3E155E-5FA1-4F6B-802B-7ABCF2E87A9E}.Debug|Any CPU.ActiveCfg = Debug|Any CPU
		{DF3E155E-5FA1-4F6B-802B-7ABCF2E87A9E}.Debug|Any CPU.Build.0 = Debug|Any CPU
		{DF3E155E-5FA1-4F6B-802B-7ABCF2E87A9E}.Debug|Any CPU.Deploy.0 = Debug|Any CPU
		{DF3E155E-5FA1-4F6B-802B-7ABCF2E87A9E}.Debug|ARM.ActiveCfg = Debug|ARM
		{DF3E155E-5FA1-4F6B-802B-7ABCF2E87A9E}.Debug|ARM.Build.0 = Debug|ARM
		{DF3E155E-5FA1-4F6B-802B-7ABCF2E87A9E}.Debug|ARM.Deploy.0 = Debug|ARM
		{DF3E155E-5FA1-4F6B-802B-7ABCF2E87A9E}.Debug|ARM64.ActiveCfg = Debug|ARM64
		{DF3E155E-5FA1-4F6B-802B-7ABCF2E87A9E}.Debug|ARM64.Build.0 = Debug|ARM64
		{DF3E155E-5FA1-4F6B-802B-7ABCF2E87A9E}.Debug|ARM64.Deploy.0 = Debug|ARM64
		{DF3E155E-5FA1-4F6B-802B-7ABCF2E87A9E}.Debug|x64.ActiveCfg = Debug|x64
		{DF3E155E-5FA1-4F6B-802B-7ABCF2E87A9E}.Debug|x64.Build.0 = Debug|x64
		{DF3E155E-5FA1-4F6B-802B-7ABCF2E87A9E}.Debug|x64.Deploy.0 = Debug|x64
		{DF3E155E-5FA1-4F6B-802B-7ABCF2E87A9E}.Debug|x86.ActiveCfg = Debug|x86
		{DF3E155E-5FA1-4F6B-802B-7ABCF2E87A9E}.Debug|x86.Build.0 = Debug|x86
		{DF3E155E-5FA1-4F6B-802B-7ABCF2E87A9E}.Debug|x86.Deploy.0 = Debug|x86
		{DF3E155E-5FA1-4F6B-802B-7ABCF2E87A9E}.Release|Any CPU.ActiveCfg = Release|Any CPU
		{DF3E155E-5FA1-4F6B-802B-7ABCF2E87A9E}.Release|Any CPU.Build.0 = Release|Any CPU
		{DF3E155E-5FA1-4F6B-802B-7ABCF2E87A9E}.Release|Any CPU.Deploy.0 = Release|Any CPU
		{DF3E155E-5FA1-4F6B-802B-7ABCF2E87A9E}.Release|ARM.ActiveCfg = Release|ARM
		{DF3E155E-5FA1-4F6B-802B-7ABCF2E87A9E}.Release|ARM.Build.0 = Release|ARM
		{DF3E155E-5FA1-4F6B-802B-7ABCF2E87A9E}.Release|ARM.Deploy.0 = Release|ARM
		{DF3E155E-5FA1-4F6B-802B-7ABCF2E87A9E}.Release|ARM64.ActiveCfg = Release|ARM64
		{DF3E155E-5FA1-4F6B-802B-7ABCF2E87A9E}.Release|ARM64.Build.0 = Release|ARM64
		{DF3E155E-5FA1-4F6B-802B-7ABCF2E87A9E}.Release|ARM64.Deploy.0 = Release|ARM64
		{DF3E155E-5FA1-4F6B-802B-7ABCF2E87A9E}.Release|x64.ActiveCfg = Release|x64
		{DF3E155E-5FA1-4F6B-802B-7ABCF2E87A9E}.Release|x64.Build.0 = Release|x64
		{DF3E155E-5FA1-4F6B-802B-7ABCF2E87A9E}.Release|x64.Deploy.0 = Release|x64
		{DF3E155E-5FA1-4F6B-802B-7ABCF2E87A9E}.Release|x86.ActiveCfg = Release|x86
		{DF3E155E-5FA1-4F6B-802B-7ABCF2E87A9E}.Release|x86.Build.0 = Release|x86
		{DF3E155E-5FA1-4F6B-802B-7ABCF2E87A9E}.Release|x86.Deploy.0 = Release|x86
	EndGlobalSection
	GlobalSection(SolutionProperties) = preSolution
		HideSolutionNode = FALSE
	EndGlobalSection
	GlobalSection(ExtensibilityGlobals) = postSolution
		SolutionGuid = {B3782327-0AE3-4E5B-A9DC-A43D2CF9618D}
	EndGlobalSection
EndGlobal
